
Microsoft Visual Studio Solution File, Format Version 12.00
# Visual Studio Version 17
VisualStudioVersion = 17.11.35222.181
MinimumVisualStudioVersion = 10.0.40219.1
Project("{FAE04EC0-301F-11D3-BF4B-00C04F79EFBC}") = "Week13SQLiteDB", "Week13SQLiteDB\Week13SQLiteDB.csproj", "{6E730CA2-E49E-4F68-80F7-E0D4E7B7F5BC}"
EndProject
Global
	GlobalSection(SolutionConfigurationPlatforms) = preSolution
		Debug|Any CPU = Debug|Any CPU
		Release|Any CPU = Release|Any CPU
	EndGlobalSection
	GlobalSection(ProjectConfigurationPlatforms) = postSolution
		{6E730CA2-E49E-4F68-80F7-E0D4E7B7F5BC}.Debug|Any CPU.ActiveCfg = Debug|Any CPU
		{6E730CA2-E49E-4F68-80F7-E0D4E7B7F5BC}.Debug|Any CPU.Build.0 = Debug|Any CPU
		{6E730CA2-E49E-4F68-80F7-E0D4E7B7F5BC}.Release|Any CPU.ActiveCfg = Release|Any CPU
		{6E730CA2-E49E-4F68-80F7-E0D4E7B7F5BC}.Release|Any CPU.Build.0 = Release|Any CPU
	EndGlobalSection
	GlobalSection(SolutionProperties) = preSolution
		HideSolutionNode = FALSE
	EndGlobalSection
	GlobalSection(ExtensibilityGlobals) = postSolution
		SolutionGuid = {BF06A172-C9AC-46AD-B830-A011705C2665}
	EndGlobalSection
EndGlobal
